
Microsoft Visual Studio Solution File, Format Version 12.00
Project("{FAE04EC0-301F-11D3-BF4B-00C04F79EFBC}") = "PasswordGen", "PasswordGen\PasswordGen.csproj", "{C3DD0BC9-C48F-4F60-887C-A99434F28D1C}"
EndProject
Global
	GlobalSection(SolutionConfigurationPlatforms) = preSolution
		Debug|Any CPU = Debug|Any CPU
		Release|Any CPU = Release|Any CPU
	EndGlobalSection
	GlobalSection(ProjectConfigurationPlatforms) = postSolution
		{C3DD0BC9-C48F-4F60-887C-A99434F28D1C}.Debug|Any CPU.ActiveCfg = Debug|Any CPU
		{C3DD0BC9-C48F-4F60-887C-A99434F28D1C}.Debug|Any CPU.Build.0 = Debug|Any CPU
		{C3DD0BC9-C48F-4F60-887C-A99434F28D1C}.Release|Any CPU.ActiveCfg = Release|Any CPU
		{C3DD0BC9-C48F-4F60-887C-A99434F28D1C}.Release|Any CPU.Build.0 = Release|Any CPU
	EndGlobalSection
EndGlobal
