
Microsoft Visual Studio Solution File, Format Version 12.00
Project("{FAE04EC0-301F-11D3-BF4B-00C04F79EFBC}") = "Übung 15", "Übung 15\Übung 15.csproj", "{81442BBC-FA48-42B1-8AC7-7EFF000963AE}"
EndProject
Global
	GlobalSection(SolutionConfigurationPlatforms) = preSolution
		Debug|Any CPU = Debug|Any CPU
		Release|Any CPU = Release|Any CPU
	EndGlobalSection
	GlobalSection(ProjectConfigurationPlatforms) = postSolution
		{81442BBC-FA48-42B1-8AC7-7EFF000963AE}.Debug|Any CPU.ActiveCfg = Debug|Any CPU
		{81442BBC-FA48-42B1-8AC7-7EFF000963AE}.Debug|Any CPU.Build.0 = Debug|Any CPU
		{81442BBC-FA48-42B1-8AC7-7EFF000963AE}.Release|Any CPU.ActiveCfg = Release|Any CPU
		{81442BBC-FA48-42B1-8AC7-7EFF000963AE}.Release|Any CPU.Build.0 = Release|Any CPU
	EndGlobalSection
EndGlobal
