
Microsoft Visual Studio Solution File, Format Version 12.00
Project("{FAE04EC0-301F-11D3-BF4B-00C04F79EFBC}") = "OperratorenUeberladen", "OperratorenUeberladen\OperratorenUeberladen.csproj", "{1E6BB8B0-6E5E-4E2D-8D9F-D0E8B83B1AE1}"
EndProject
Global
	GlobalSection(SolutionConfigurationPlatforms) = preSolution
		Debug|Any CPU = Debug|Any CPU
		Release|Any CPU = Release|Any CPU
	EndGlobalSection
	GlobalSection(ProjectConfigurationPlatforms) = postSolution
		{1E6BB8B0-6E5E-4E2D-8D9F-D0E8B83B1AE1}.Debug|Any CPU.ActiveCfg = Debug|Any CPU
		{1E6BB8B0-6E5E-4E2D-8D9F-D0E8B83B1AE1}.Debug|Any CPU.Build.0 = Debug|Any CPU
		{1E6BB8B0-6E5E-4E2D-8D9F-D0E8B83B1AE1}.Release|Any CPU.ActiveCfg = Release|Any CPU
		{1E6BB8B0-6E5E-4E2D-8D9F-D0E8B83B1AE1}.Release|Any CPU.Build.0 = Release|Any CPU
	EndGlobalSection
EndGlobal
