
Microsoft Visual Studio Solution File, Format Version 12.00
Project("{FAE04EC0-301F-11D3-BF4B-00C04F79EFBC}") = "Übung 11", "Übung 11\Übung 11.csproj", "{43647923-26B9-437A-A38F-44FEF6C58EE1}"
EndProject
Global
	GlobalSection(SolutionConfigurationPlatforms) = preSolution
		Debug|Any CPU = Debug|Any CPU
		Release|Any CPU = Release|Any CPU
	EndGlobalSection
	GlobalSection(ProjectConfigurationPlatforms) = postSolution
		{43647923-26B9-437A-A38F-44FEF6C58EE1}.Debug|Any CPU.ActiveCfg = Debug|Any CPU
		{43647923-26B9-437A-A38F-44FEF6C58EE1}.Debug|Any CPU.Build.0 = Debug|Any CPU
		{43647923-26B9-437A-A38F-44FEF6C58EE1}.Release|Any CPU.ActiveCfg = Release|Any CPU
		{43647923-26B9-437A-A38F-44FEF6C58EE1}.Release|Any CPU.Build.0 = Release|Any CPU
	EndGlobalSection
EndGlobal
